{
  "name": "monome-scripz",
  "version": "0.0.1",
  "lockfileVersion": 1,
  "requires": true,
  "dependencies": {
    "ansi-regex": {
      "version": "0.2.1",
      "resolved": "https://registry.npmjs.org/ansi-regex/-/ansi-regex-0.2.1.tgz",
      "integrity": "sha1-DY6UaWej2BQ/k+JOKYUl/BsiNfk="
    },
    "ansi-styles": {
      "version": "1.1.0",
      "resolved": "https://registry.npmjs.org/ansi-styles/-/ansi-styles-1.1.0.tgz",
      "integrity": "sha1-6uy/Zs1waIJ2Cy9GkVgrj1XXp94="
    },
    "bindings": {
      "version": "1.2.1",
      "resolved": "https://registry.npmjs.org/bindings/-/bindings-1.2.1.tgz",
      "integrity": "sha1-FK1hE4EtLTfXLme0ystLtyZQXxE="
    },
    "binpack": {
      "version": "0.1.0",
      "resolved": "https://registry.npmjs.org/binpack/-/binpack-0.1.0.tgz",
      "integrity": "sha1-vT0JdMPyoERuF99PYLVacqIFqX4="
    },
    "chalk": {
      "version": "0.5.1",
      "resolved": "https://registry.npmjs.org/chalk/-/chalk-0.5.1.tgz",
      "integrity": "sha1-Zjs6ZItotV0EaQ1JFnqoN4WPIXQ=",
      "requires": {
        "ansi-styles": "1.1.0",
        "escape-string-regexp": "1.0.5",
        "has-ansi": "0.1.0",
        "strip-ansi": "0.3.0",
        "supports-color": "0.2.0"
      }
    },
    "commander": {
      "version": "2.15.1",
      "resolved": "https://registry.npmjs.org/commander/-/commander-2.15.1.tgz",
      "integrity": "sha512-VlfT9F3V0v+jr4yxPc5gg9s62/fIVWsd2Bk2iD435um1NlGMYdVCq+MjcXnhYq2icNOizHr1kK+5TI6H0Hy0ag=="
    },
    "debug": {
      "version": "2.2.0",
      "resolved": "https://registry.npmjs.org/debug/-/debug-2.2.0.tgz",
      "integrity": "sha1-+HBX6ZWxofauaklgZkE3vFbwOdo=",
      "requires": {
        "ms": "0.7.1"
      }
    },
    "easymidi": {
      "version": "0.0.4",
      "resolved": "https://registry.npmjs.org/easymidi/-/easymidi-0.0.4.tgz",
      "integrity": "sha512-l82cfY7wzUiU7lYpfVV15FUphIhRLr4hJjUu4OgD17dqRghpgAiDUP0z8LdAR8s06TcUoKA+FAsBnIIzNJo7Qg==",
      "requires": {
        "midi": "0.9.5"
      }
    },
    "escape-string-regexp": {
      "version": "1.0.5",
      "resolved": "https://registry.npmjs.org/escape-string-regexp/-/escape-string-regexp-1.0.5.tgz",
      "integrity": "sha1-G2HAViGQqN/2rjuyzwIAyhMLhtQ="
    },
    "has-ansi": {
      "version": "0.1.0",
      "resolved": "https://registry.npmjs.org/has-ansi/-/has-ansi-0.1.0.tgz",
      "integrity": "sha1-hPJlqujA5qiKEtcCKJS3VoiUxi4=",
      "requires": {
        "ansi-regex": "0.2.1"
      }
    },
    "liveosc": {
      "version": "0.0.2",
      "resolved": "https://registry.npmjs.org/liveosc/-/liveosc-0.0.2.tgz",
      "integrity": "sha1-lfIjJKLAE0N8MnDycrNVigCl8HI=",
      "requires": {
        "chalk": "0.5.1",
        "osc-emitter": "1.0.4",
        "osc-receiver": "1.1.3",
        "underscore": "1.8.3"
      }
    },
    "midi": {
      "version": "0.9.5",
      "resolved": "https://registry.npmjs.org/midi/-/midi-0.9.5.tgz",
      "integrity": "sha1-/DI6/z6BsNQJnK7q1TW6Z5xunYg=",
      "requires": {
        "bindings": "1.2.1",
        "nan": "2.4.0"
      }
    },
    "midi-parser": {
      "version": "0.1.1",
      "resolved": "https://registry.npmjs.org/midi-parser/-/midi-parser-0.1.1.tgz",
      "integrity": "sha512-SY076862fFjTY+9XUsOmEHtB4eCPrqLA6hX0Xb4NtFoP/qQeAXEDaPzDnknCIazW659JvUHlcqQf8bvdBBlmeA=="
    },
    "ms": {
      "version": "0.7.1",
      "resolved": "https://registry.npmjs.org/ms/-/ms-0.7.1.tgz",
      "integrity": "sha1-nNE8A62/8ltl7/3nzoZO6VIBcJg="
    },
    "nan": {
      "version": "2.4.0",
      "resolved": "https://registry.npmjs.org/nan/-/nan-2.4.0.tgz",
      "integrity": "sha1-+zxZ1F/k7/4hXwuJD4rfbrMtIjI="
    },
    "osc-emitter": {
      "version": "1.0.4",
      "resolved": "https://registry.npmjs.org/osc-emitter/-/osc-emitter-1.0.4.tgz",
      "integrity": "sha1-63tf0uNUXmKpbiqn3FfoG9K1PDU=",
      "requires": {
        "debug": "2.2.0",
        "osc-min": "1.1.1"
      }
    },
    "osc-min": {
      "version": "1.1.1",
      "resolved": "https://registry.npmjs.org/osc-min/-/osc-min-1.1.1.tgz",
      "integrity": "sha1-hYBEOjq7AvcyVPWihjQNy+PPPwc=",
      "requires": {
        "binpack": "0.1.0"
      }
    },
    "osc-receiver": {
      "version": "1.1.3",
      "resolved": "https://registry.npmjs.org/osc-receiver/-/osc-receiver-1.1.3.tgz",
      "integrity": "sha1-b//UWCucpazLA1ASf4+t935eIJg=",
      "requires": {
        "debug": "2.2.0",
        "osc-min": "1.1.1"
      }
    },
    "serialosc": {
      "version": "0.0.7",
      "resolved": "https://registry.npmjs.org/serialosc/-/serialosc-0.0.7.tgz",
      "integrity": "sha1-gSYQhdHblsn9i0ztZu4sromwtic=",
      "requires": {
        "osc-emitter": "1.0.4",
        "osc-receiver": "1.1.3",
        "underscore": "1.8.3"
      }
    },
    "strip-ansi": {
      "version": "0.3.0",
      "resolved": "https://registry.npmjs.org/strip-ansi/-/strip-ansi-0.3.0.tgz",
      "integrity": "sha1-JfSOoiynkYfzF0pNuHWTR7sSYiA=",
      "requires": {
        "ansi-regex": "0.2.1"
      }
    },
    "supports-color": {
      "version": "0.2.0",
      "resolved": "https://registry.npmjs.org/supports-color/-/supports-color-0.2.0.tgz",
      "integrity": "sha1-2S3iaU6z9nMjlz1649i1W0wiGQo="
    },
    "underscore": {
      "version": "1.8.3",
      "resolved": "https://registry.npmjs.org/underscore/-/underscore-1.8.3.tgz",
      "integrity": "sha1-Tz+1OxBuYJf8+ctBCfKl6b36UCI="
    }
  }
}
